// !$*UTF8*$!
{
	archiveVersion = 1;
	classes = {
	};
	objectVersion = 51;
	objects = {

/* Begin PBXBuildFile section */
		4160860F17C6E67E1EC8357E /* Pods_Planets.framework in Frameworks */ = {isa = PBXBuildFile; fileRef = 5411D23BE56F3CD19CCFFAFD /* Pods_Planets.framework */; };
		9D0B030B23507611007F91E7 /* AppDelegate.swift in Sources */ = {isa = PBXBuildFile; fileRef = 9D0B030A23507611007F91E7 /* AppDelegate.swift */; };
		9D0B030D23507611007F91E7 /* SceneDelegate.swift in Sources */ = {isa = PBXBuildFile; fileRef = 9D0B030C23507611007F91E7 /* SceneDelegate.swift */; };
		9D0B030F23507611007F91E7 /* ViewController.swift in Sources */ = {isa = PBXBuildFile; fileRef = 9D0B030E23507611007F91E7 /* ViewController.swift */; };
		9D0B031223507611007F91E7 /* Main.storyboard in Resources */ = {isa = PBXBuildFile; fileRef = 9D0B031023507611007F91E7 /* Main.storyboard */; };
		9D0B031423507612007F91E7 /* Assets.xcassets in Resources */ = {isa = PBXBuildFile; fileRef = 9D0B031323507612007F91E7 /* Assets.xcassets */; };
		9D0B031723507612007F91E7 /* LaunchScreen.storyboard in Resources */ = {isa = PBXBuildFile; fileRef = 9D0B031523507612007F91E7 /* LaunchScreen.storyboard */; };
		9D21EF0723660B6E006F9BE5 /* GoogleService-Info.plist in Resources */ = {isa = PBXBuildFile; fileRef = 9D21EF0623660B6E006F9BE5 /* GoogleService-Info.plist */; };
		9D952F2E23544E4D00FD82F9 /* PlanetCell.swift in Sources */ = {isa = PBXBuildFile; fileRef = 9D952F2D23544E4D00FD82F9 /* PlanetCell.swift */; };
		9D952F3023544FDE00FD82F9 /* AddPlanetViewController.swift in Sources */ = {isa = PBXBuildFile; fileRef = 9D952F2F23544FDE00FD82F9 /* AddPlanetViewController.swift */; };
/* End PBXBuildFile section */

/* Begin PBXFileReference section */
		19AE7EE52FDDB9168C1DFD8A /* Pods-Planets.debug.xcconfig */ = {isa = PBXFileReference; includeInIndex = 1; lastKnownFileType = text.xcconfig; name = "Pods-Planets.debug.xcconfig"; path = "Target Support Files/Pods-Planets/Pods-Planets.debug.xcconfig"; sourceTree = "<group>"; };
		1CE5A5D127998099E1DF8367 /* Pods-Planets.release.xcconfig */ = {isa = PBXFileReference; includeInIndex = 1; lastKnownFileType = text.xcconfig; name = "Pods-Planets.release.xcconfig"; path = "Target Support Files/Pods-Planets/Pods-Planets.release.xcconfig"; sourceTree = "<group>"; };
		5411D23BE56F3CD19CCFFAFD /* Pods_Planets.framework */ = {isa = PBXFileReference; explicitFileType = wrapper.framework; includeInIndex = 0; path = Pods_Planets.framework; sourceTree = BUILT_PRODUCTS_DIR; };
		9D0B030723507611007F91E7 /* Planets.app */ = {isa = PBXFileReference; explicitFileType = wrapper.application; includeInIndex = 0; path = Planets.app; sourceTree = BUILT_PRODUCTS_DIR; };
		9D0B030A23507611007F91E7 /* AppDelegate.swift */ = {isa = PBXFileReference; lastKnownFileType = sourcecode.swift; path = AppDelegate.swift; sourceTree = "<group>"; };
		9D0B030C23507611007F91E7 /* SceneDelegate.swift */ = {isa = PBXFileReference; lastKnownFileType = sourcecode.swift; path = SceneDelegate.swift; sourceTree = "<group>"; };
		9D0B030E23507611007F91E7 /* ViewController.swift */ = {isa = PBXFileReference; lastKnownFileType = sourcecode.swift; path = ViewController.swift; sourceTree = "<group>"; };
		9D0B031123507611007F91E7 /* Base */ = {isa = PBXFileReference; lastKnownFileType = file.storyboard; name = Base; path = Base.lproj/Main.storyboard; sourceTree = "<group>"; };
		9D0B031323507612007F91E7 /* Assets.xcassets */ = {isa = PBXFileReference; lastKnownFileType = folder.assetcatalog; path = Assets.xcassets; sourceTree = "<group>"; };
		9D0B031623507612007F91E7 /* Base */ = {isa = PBXFileReference; lastKnownFileType = file.storyboard; name = Base; path = Base.lproj/LaunchScreen.storyboard; sourceTree = "<group>"; };
		9D0B031823507612007F91E7 /* Info.plist */ = {isa = PBXFileReference; lastKnownFileType = text.plist.xml; path = Info.plist; sourceTree = "<group>"; };
		9D21EF0623660B6E006F9BE5 /* GoogleService-Info.plist */ = {isa = PBXFileReference; fileEncoding = 4; lastKnownFileType = text.plist.xml; name = "GoogleService-Info.plist"; path = "../../../../Downloads/GoogleService-Info.plist"; sourceTree = "<group>"; };
		9D952F2D23544E4D00FD82F9 /* PlanetCell.swift */ = {isa = PBXFileReference; lastKnownFileType = sourcecode.swift; path = PlanetCell.swift; sourceTree = "<group>"; };
		9D952F2F23544FDE00FD82F9 /* AddPlanetViewController.swift */ = {isa = PBXFileReference; lastKnownFileType = sourcecode.swift; path = AddPlanetViewController.swift; sourceTree = "<group>"; };
/* End PBXFileReference section */

/* Begin PBXFrameworksBuildPhase section */
		9D0B030423507611007F91E7 /* Frameworks */ = {
			isa = PBXFrameworksBuildPhase;
			buildActionMask = 2147483647;
			files = (
				4160860F17C6E67E1EC8357E /* Pods_Planets.framework in Frameworks */,
			);
			runOnlyForDeploymentPostprocessing = 0;
		};
/* End PBXFrameworksBuildPhase section */

/* Begin PBXGroup section */
		7481789F82BF60888E2DB5C0 /* Pods */ = {
			isa = PBXGroup;
			children = (
				19AE7EE52FDDB9168C1DFD8A /* Pods-Planets.debug.xcconfig */,
				1CE5A5D127998099E1DF8367 /* Pods-Planets.release.xcconfig */,
			);
			path = Pods;
			sourceTree = "<group>";
		};
		8D60CB1D4AFE85D5E6818777 /* Frameworks */ = {
			isa = PBXGroup;
			children = (
				5411D23BE56F3CD19CCFFAFD /* Pods_Planets.framework */,
			);
			name = Frameworks;
			sourceTree = "<group>";
		};
		9D0B02FE23507611007F91E7 = {
			isa = PBXGroup;
			children = (
				9D0B030923507611007F91E7 /* Planets */,
				9D0B030823507611007F91E7 /* Products */,
				7481789F82BF60888E2DB5C0 /* Pods */,
				8D60CB1D4AFE85D5E6818777 /* Frameworks */,
			);
			sourceTree = "<group>";
		};
		9D0B030823507611007F91E7 /* Products */ = {
			isa = PBXGroup;
			children = (
				9D0B030723507611007F91E7 /* Planets.app */,
			);
			name = Products;
			sourceTree = "<group>";
		};
		9D0B030923507611007F91E7 /* Planets */ = {
			isa = PBXGroup;
			children = (
				9D0B030A23507611007F91E7 /* AppDelegate.swift */,
				9D0B030C23507611007F91E7 /* SceneDelegate.swift */,
				9D21EF0623660B6E006F9BE5 /* GoogleService-Info.plist */,
				9D0B030E23507611007F91E7 /* ViewController.swift */,
				9D952F2F23544FDE00FD82F9 /* AddPlanetViewController.swift */,
				9D952F2D23544E4D00FD82F9 /* PlanetCell.swift */,
				9D0B031023507611007F91E7 /* Main.storyboard */,
				9D0B031323507612007F91E7 /* Assets.xcassets */,
				9D0B031523507612007F91E7 /* LaunchScreen.storyboard */,
				9D0B031823507612007F91E7 /* Info.plist */,
			);
			path = Planets;
			sourceTree = "<group>";
		};
/* End PBXGroup section */

/* Begin PBXNativeTarget section */
		9D0B030623507611007F91E7 /* Planets */ = {
			isa = PBXNativeTarget;
			buildConfigurationList = 9D0B031B23507612007F91E7 /* Build configuration list for PBXNativeTarget "Planets" */;
			buildPhases = (
				ABDCC9AF419C2E7CBD7B69D6 /* [CP] Check Pods Manifest.lock */,
				9D0B030323507611007F91E7 /* Sources */,
				9D0B030423507611007F91E7 /* Frameworks */,
				9D0B030523507611007F91E7 /* Resources */,
				C56DEB9A8FE4D9A3F416B54C /* [CP] Embed Pods Frameworks */,
			);
			buildRules = (
			);
			dependencies = (
			);
			name = Planets;
			productName = Planets;
			productReference = 9D0B030723507611007F91E7 /* Planets.app */;
			productType = "com.apple.product-type.application";
		};
/* End PBXNativeTarget section */

/* Begin PBXProject section */
		9D0B02FF23507611007F91E7 /* Project object */ = {
			isa = PBXProject;
			attributes = {
				LastSwiftUpdateCheck = 1110;
				LastUpgradeCheck = 1110;
				ORGANIZATIONNAME = "Ege Sucu";
				TargetAttributes = {
					9D0B030623507611007F91E7 = {
						CreatedOnToolsVersion = 11.1;
					};
				};
			};
			buildConfigurationList = 9D0B030223507611007F91E7 /* Build configuration list for PBXProject "Planets" */;
			compatibilityVersion = "Xcode 9.3";
			developmentRegion = en;
			hasScannedForEncodings = 0;
			knownRegions = (
				en,
				Base,
			);
			mainGroup = 9D0B02FE23507611007F91E7;
			productRefGroup = 9D0B030823507611007F91E7 /* Products */;
			projectDirPath = "";
			projectRoot = "";
			targets = (
				9D0B030623507611007F91E7 /* Planets */,
			);
		};
/* End PBXProject section */

/* Begin PBXResourcesBuildPhase section */
		9D0B030523507611007F91E7 /* Resources */ = {
			isa = PBXResourcesBuildPhase;
			buildActionMask = 2147483647;
			files = (
				9D0B031723507612007F91E7 /* LaunchScreen.storyboard in Resources */,
				9D21EF0723660B6E006F9BE5 /* GoogleService-Info.plist in Resources */,
				9D0B031423507612007F91E7 /* Assets.xcassets in Resources */,
				9D0B031223507611007F91E7 /* Main.storyboard in Resources */,
			);
			runOnlyForDeploymentPostprocessing = 0;
		};
/* End PBXResourcesBuildPhase section */

/* Begin PBXShellScriptBuildPhase section */
		ABDCC9AF419C2E7CBD7B69D6 /* [CP] Check Pods Manifest.lock */ = {
			isa = PBXShellScriptBuildPhase;
			buildActionMask = 2147483647;
			files = (
			);
			inputFileListPaths = (
			);
			inputPaths = (
				"${PODS_PODFILE_DIR_PATH}/Podfile.lock",
				"${PODS_ROOT}/Manifest.lock",
			);
			name = "[CP] Check Pods Manifest.lock";
			outputFileListPaths = (
			);
			outputPaths = (
				"$(DERIVED_FILE_DIR)/Pods-Planets-checkManifestLockResult.txt",
			);
			runOnlyForDeploymentPostprocessing = 0;
			shellPath = /bin/sh;
			shellScript = "diff \"${PODS_PODFILE_DIR_PATH}/Podfile.lock\" \"${PODS_ROOT}/Manifest.lock\" > /dev/null\nif [ $? != 0 ] ; then\n    # print error to STDERR\n    echo \"error: The sandbox is not in sync with the Podfile.lock. Run 'pod install' or update your CocoaPods installation.\" >&2\n    exit 1\nfi\n# This output is used by Xcode 'outputs' to avoid re-running this script phase.\necho \"SUCCESS\" > \"${SCRIPT_OUTPUT_FILE_0}\"\n";
			showEnvVarsInLog = 0;
		};
		C56DEB9A8FE4D9A3F416B54C /* [CP] Embed Pods Frameworks */ = {
			isa = PBXShellScriptBuildPhase;
			buildActionMask = 2147483647;
			files = (
			);
			inputFileListPaths = (
				"${PODS_ROOT}/Target Support Files/Pods-Planets/Pods-Planets-frameworks-${CONFIGURATION}-input-files.xcfilelist",
			);
			name = "[CP] Embed Pods Frameworks";
			outputFileListPaths = (
				"${PODS_ROOT}/Target Support Files/Pods-Planets/Pods-Planets-frameworks-${CONFIGURATION}-output-files.xcfilelist",
			);
			runOnlyForDeploymentPostprocessing = 0;
			shellPath = /bin/sh;
			shellScript = "\"${PODS_ROOT}/Target Support Files/Pods-Planets/Pods-Planets-frameworks.sh\"\n";
			showEnvVarsInLog = 0;
		};
/* End PBXShellScriptBuildPhase section */

/* Begin PBXSourcesBuildPhase section */
		9D0B030323507611007F91E7 /* Sources */ = {
			isa = PBXSourcesBuildPhase;
			buildActionMask = 2147483647;
			files = (
				9D0B030F23507611007F91E7 /* ViewController.swift in Sources */,
				9D0B030B23507611007F91E7 /* AppDelegate.swift in Sources */,
				9D0B030D23507611007F91E7 /* SceneDelegate.swift in Sources */,
				9D952F2E23544E4D00FD82F9 /* PlanetCell.swift in Sources */,
				9D952F3023544FDE00FD82F9 /* AddPlanetViewController.swift in Sources */,
			);
			runOnlyForDeploymentPostprocessing = 0;
		};
/* End PBXSourcesBuildPhase section */

/* Begin PBXVariantGroup section */
		9D0B031023507611007F91E7 /* Main.storyboard */ = {
			isa = PBXVariantGroup;
			children = (
				9D0B031123507611007F91E7 /* Base */,
			);
			name = Main.storyboard;
			sourceTree = "<group>";
		};
		9D0B031523507612007F91E7 /* LaunchScreen.storyboard */ = {
			isa = PBXVariantGroup;
			children = (
				9D0B031623507612007F91E7 /* Base */,
			);
			name = LaunchScreen.storyboard;
			sourceTree = "<group>";
		};
/* End PBXVariantGroup section */

/* Begin XCBuildConfiguration section */
		9D0B031923507612007F91E7 /* Debug */ = {
			isa = XCBuildConfiguration;
			buildSettings = {
				ALWAYS_SEARCH_USER_PATHS = NO;
				CLANG_ANALYZER_NONNULL = YES;
				CLANG_ANALYZER_NUMBER_OBJECT_CONVERSION = YES_AGGRESSIVE;
				CLANG_CXX_LANGUAGE_STANDARD = "gnu++14";
				CLANG_CXX_LIBRARY = "libc++";
				CLANG_ENABLE_MODULES = YES;
				CLANG_ENABLE_OBJC_ARC = YES;
				CLANG_ENABLE_OBJC_WEAK = YES;
				CLANG_WARN_BLOCK_CAPTURE_AUTORELEASING = YES;
				CLANG_WARN_BOOL_CONVERSION = YES;
				CLANG_WARN_COMMA = YES;
				CLANG_WARN_CONSTANT_CONVERSION = YES;
				CLANG_WARN_DEPRECATED_OBJC_IMPLEMENTATIONS = YES;
				CLANG_WARN_DIRECT_OBJC_ISA_USAGE = YES_ERROR;
				CLANG_WARN_DOCUMENTATION_COMMENTS = YES;
				CLANG_WARN_EMPTY_BODY = YES;
				CLANG_WARN_ENUM_CONVERSION = YES;
				CLANG_WARN_INFINITE_RECURSION = YES;
				CLANG_WARN_INT_CONVERSION = YES;
				CLANG_WARN_NON_LITERAL_NULL_CONVERSION = YES;
				CLANG_WARN_OBJC_IMPLICIT_RETAIN_SELF = YES;
				CLANG_WARN_OBJC_LITERAL_CONVERSION = YES;
				CLANG_WARN_OBJC_ROOT_CLASS = YES_ERROR;
				CLANG_WARN_RANGE_LOOP_ANALYSIS = YES;
				CLANG_WARN_STRICT_PROTOTYPES = YES;
				CLANG_WARN_SUSPICIOUS_MOVE = YES;
				CLANG_WARN_UNGUARDED_AVAILABILITY = YES_AGGRESSIVE;
				CLANG_WARN_UNREACHABLE_CODE = YES;
				CLANG_WARN__DUPLICATE_METHOD_MATCH = YES;
				COPY_PHASE_STRIP = NO;
				DEBUG_INFORMATION_FORMAT = dwarf;
				ENABLE_STRICT_OBJC_MSGSEND = YES;
				ENABLE_TESTABILITY = YES;
				GCC_C_LANGUAGE_STANDARD = gnu11;
				GCC_DYNAMIC_NO_PIC = NO;
				GCC_NO_COMMON_BLOCKS = YES;
				GCC_OPTIMIZATION_LEVEL = 0;
				GCC_PREPROCESSOR_DEFINITIONS = (
					"DEBUG=1",
					"$(inherited)",
				);
				GCC_WARN_64_TO_32_BIT_CONVERSION = YES;
				GCC_WARN_ABOUT_RETURN_TYPE = YES_ERROR;
				GCC_WARN_UNDECLARED_SELECTOR = YES;
				GCC_WARN_UNINITIALIZED_AUTOS = YES_AGGRESSIVE;
				GCC_WARN_UNUSED_FUNCTION = YES;
				GCC_WARN_UNUSED_VARIABLE = YES;
				IPHONEOS_DEPLOYMENT_TARGET = 13.1;
				MTL_ENABLE_DEBUG_INFO = INCLUDE_SOURCE;
				MTL_FAST_MATH = YES;
				ONLY_ACTIVE_ARCH = YES;
				SDKROOT = iphoneos;
				SWIFT_ACTIVE_COMPILATION_CONDITIONS = DEBUG;
				SWIFT_OPTIMIZATION_LEVEL = "-Onone";
			};
			name = Debug;
		};
		9D0B031A23507612007F91E7 /* Release */ = {
			isa = XCBuildConfiguration;
			buildSettings = {
				ALWAYS_SEARCH_USER_PATHS = NO;
				CLANG_ANALYZER_NONNULL = YES;
				CLANG_ANALYZER_NUMBER_OBJECT_CONVERSION = YES_AGGRESSIVE;
				CLANG_CXX_LANGUAGE_STANDARD = "gnu++14";
				CLANG_CXX_LIBRARY = "libc++";
				CLANG_ENABLE_MODULES = YES;
				CLANG_ENABLE_OBJC_ARC = YES;
				CLANG_ENABLE_OBJC_WEAK = YES;
				CLANG_WARN_BLOCK_CAPTURE_AUTORELEASING = YES;
				CLANG_WARN_BOOL_CONVERSION = YES;
				CLANG_WARN_COMMA = YES;
				CLANG_WARN_CONSTANT_CONVERSION = YES;
				CLANG_WARN_DEPRECATED_OBJC_IMPLEMENTATIONS = YES;
				CLANG_WARN_DIRECT_OBJC_ISA_USAGE = YES_ERROR;
				CLANG_WARN_DOCUMENTATION_COMMENTS = YES;
				CLANG_WARN_EMPTY_BODY = YES;
				CLANG_WARN_ENUM_CONVERSION = YES;
				CLANG_WARN_INFINITE_RECURSION = YES;
				CLANG_WARN_INT_CONVERSION = YES;
				CLANG_WARN_NON_LITERAL_NULL_CONVERSION = YES;
				CLANG_WARN_OBJC_IMPLICIT_RETAIN_SELF = YES;
				CLANG_WARN_OBJC_LITERAL_CONVERSION = YES;
				CLANG_WARN_OBJC_ROOT_CLASS = YES_ERROR;
				CLANG_WARN_RANGE_LOOP_ANALYSIS = YES;
				CLANG_WARN_STRICT_PROTOTYPES = YES;
				CLANG_WARN_SUSPICIOUS_MOVE = YES;
				CLANG_WARN_UNGUARDED_AVAILABILITY = YES_AGGRESSIVE;
				CLANG_WARN_UNREACHABLE_CODE = YES;
				CLANG_WARN__DUPLICATE_METHOD_MATCH = YES;
				COPY_PHASE_STRIP = NO;
				DEBUG_INFORMATION_FORMAT = "dwarf-with-dsym";
				ENABLE_NS_ASSERTIONS = NO;
				ENABLE_STRICT_OBJC_MSGSEND = YES;
				GCC_C_LANGUAGE_STANDARD = gnu11;
				GCC_NO_COMMON_BLOCKS = YES;
				GCC_WARN_64_TO_32_BIT_CONVERSION = YES;
				GCC_WARN_ABOUT_RETURN_TYPE = YES_ERROR;
				GCC_WARN_UNDECLARED_SELECTOR = YES;
				GCC_WARN_UNINITIALIZED_AUTOS = YES_AGGRESSIVE;
				GCC_WARN_UNUSED_FUNCTION = YES;
				GCC_WARN_UNUSED_VARIABLE = YES;
				IPHONEOS_DEPLOYMENT_TARGET = 13.1;
				MTL_ENABLE_DEBUG_INFO = NO;
				MTL_FAST_MATH = YES;
				SDKROOT = iphoneos;
				SWIFT_COMPILATION_MODE = wholemodule;
				SWIFT_OPTIMIZATION_LEVEL = "-O";
				VALIDATE_PRODUCT = YES;
			};
			name = Release;
		};
		9D0B031C23507612007F91E7 /* Debug */ = {
			isa = XCBuildConfiguration;
			baseConfigurationReference = 19AE7EE52FDDB9168C1DFD8A /* Pods-Planets.debug.xcconfig */;
			buildSettings = {
				ASSETCATALOG_COMPILER_APPICON_NAME = AppIcon;
				CODE_SIGN_STYLE = Automatic;
				DEVELOPMENT_TEAM = RKA7R98LN8;
				INFOPLIST_FILE = Planets/Info.plist;
				LD_RUNPATH_SEARCH_PATHS = (
					"$(inherited)",
					"@executable_path/Frameworks",
				);
				PRODUCT_BUNDLE_IDENTIFIER = com.egesucu.Planets;
				PRODUCT_NAME = "$(TARGET_NAME)";
				SWIFT_VERSION = 5.0;
				TARGETED_DEVICE_FAMILY = "1,2";
			};
			name = Debug;
		};
		9D0B031D23507612007F91E7 /* Release */ = {
			isa = XCBuildConfiguration;
			baseConfigurationReference = 1CE5A5D127998099E1DF8367 /* Pods-Planets.release.xcconfig */;
			buildSettings = {
				ASSETCATALOG_COMPILER_APPICON_NAME = AppIcon;
				CODE_SIGN_STYLE = Automatic;
				DEVELOPMENT_TEAM = RKA7R98LN8;
				INFOPLIST_FILE = Planets/Info.plist;
				LD_RUNPATH_SEARCH_PATHS = (
					"$(inherited)",
					"@executable_path/Frameworks",
				);
				PRODUCT_BUNDLE_IDENTIFIER = com.egesucu.Planets;
				PRODUCT_NAME = "$(TARGET_NAME)";
				SWIFT_VERSION = 5.0;
				TARGETED_DEVICE_FAMILY = "1,2";
			};
			name = Release;
		};
/* End XCBuildConfiguration section */

/* Begin XCConfigurationList section */
		9D0B030223507611007F91E7 /* Build configuration list for PBXProject "Planets" */ = {
			isa = XCConfigurationList;
			buildConfigurations = (
				9D0B031923507612007F91E7 /* Debug */,
				9D0B031A23507612007F91E7 /* Release */,
			);
			defaultConfigurationIsVisible = 0;
			defaultConfigurationName = Release;
		};
		9D0B031B23507612007F91E7 /* Build configuration list for PBXNativeTarget "Planets" */ = {
			isa = XCConfigurationList;
			buildConfigurations = (
				9D0B031C23507612007F91E7 /* Debug */,
				9D0B031D23507612007F91E7 /* Release */,
			);
			defaultConfigurationIsVisible = 0;
			defaultConfigurationName = Release;
		};
/* End XCConfigurationList section */
	};
	rootObject = 9D0B02FF23507611007F91E7 /* Project object */;
}
